
Microsoft Visual Studio Solution File, Format Version 12.00
# Visual Studio Version 17
VisualStudioVersion = 17.1.32319.34
MinimumVisualStudioVersion = 10.0.40219.1
Project("{FAE04EC0-301F-11D3-BF4B-00C04F79EFBC}") = "Gyak8", "Gyak8\Gyak8.csproj", "{0CB4EEA9-79F6-4535-9C04-A10375CBA550}"
EndProject
Global
	GlobalSection(SolutionConfigurationPlatforms) = preSolution
		Debug|Any CPU = Debug|Any CPU
		Release|Any CPU = Release|Any CPU
	EndGlobalSection
	GlobalSection(ProjectConfigurationPlatforms) = postSolution
		{0CB4EEA9-79F6-4535-9C04-A10375CBA550}.Debug|Any CPU.ActiveCfg = Debug|Any CPU
		{0CB4EEA9-79F6-4535-9C04-A10375CBA550}.Debug|Any CPU.Build.0 = Debug|Any CPU
		{0CB4EEA9-79F6-4535-9C04-A10375CBA550}.Release|Any CPU.ActiveCfg = Release|Any CPU
		{0CB4EEA9-79F6-4535-9C04-A10375CBA550}.Release|Any CPU.Build.0 = Release|Any CPU
	EndGlobalSection
	GlobalSection(SolutionProperties) = preSolution
		HideSolutionNode = FALSE
	EndGlobalSection
	GlobalSection(ExtensibilityGlobals) = postSolution
		SolutionGuid = {F620F272-C9F2-472E-81DE-638A570C7B3F}
	EndGlobalSection
EndGlobal
